{
  "name": "appboss-custom-code",
  "version": "1.0.0",
  "lockfileVersion": 1,
  "requires": true,
  "dependencies": {
    "@react-native/normalize-color": {
      "version": "2.0.0",
      "resolved": "https://registry.npmjs.org/@react-native/normalize-color/-/normalize-color-2.0.0.tgz",
      "integrity": "sha512-Wip/xsc5lw8vsBlmY2MO/gFLp3MvuZ2baBZjDeTjjndMgM0h5sxz7AZR62RDPGgstp8Np7JzjvVqVT7tpFZqsw=="
    },
    "@types/geojson": {
      "version": "7946.0.8",
      "resolved": "https://registry.npmjs.org/@types/geojson/-/geojson-7946.0.8.tgz",
      "integrity": "sha512-1rkryxURpr6aWP7R786/UQOkJ3PcpQiWkAXBmdWc7ryFWqN6a4xfK7BtjXvFBKO9LjQ+MWQSWxYeZX1OApnArA=="
    },
    "base-64": {
      "version": "0.1.0",
      "resolved": "https://registry.npmjs.org/base-64/-/base-64-0.1.0.tgz",
      "integrity": "sha1-eAqZyE59YAJgNhURxId2E78k9rs="
    },
    "deprecated-react-native-prop-types": {
      "version": "2.3.0",
      "resolved": "https://registry.npmjs.org/deprecated-react-native-prop-types/-/deprecated-react-native-prop-types-2.3.0.tgz",
      "integrity": "sha512-pWD0voFtNYxrVqvBMYf5gq3NA2GCpfodS1yNynTPc93AYA/KEMGeWDqqeUB6R2Z9ZofVhks2aeJXiuQqKNpesA==",
      "requires": {
        "@react-native/normalize-color": "*",
        "invariant": "*",
        "prop-types": "*"
      }
    },
    "invariant": {
      "version": "2.2.4",
      "resolved": "https://registry.npmjs.org/invariant/-/invariant-2.2.4.tgz",
      "integrity": "sha512-phJfQVBuaJM5raOpJjSfkiD6BpbCE4Ns//LaXl6wGYtUBY83nWS6Rf9tXm2e8VaK60JEjYldbPif/A2B1C2gNA==",
      "requires": {
        "loose-envify": "^1.0.0"
      }
    },
    "js-tokens": {
      "version": "4.0.0",
      "resolved": "https://registry.npmjs.org/js-tokens/-/js-tokens-4.0.0.tgz",
      "integrity": "sha512-RdJUflcE3cUzKiMqQgsCu06FPu9UdIJO0beYbPhHN4k6apgJtifcoCtT9bcxOpYBtpD2kCM6Sbzg4CausW/PKQ=="
    },
    "loose-envify": {
      "version": "1.4.0",
      "resolved": "https://registry.npmjs.org/loose-envify/-/loose-envify-1.4.0.tgz",
      "integrity": "sha512-lyuxPGr/Wfhrlem2CL/UcnUc1zcqKAImBDzukY7Y5F/yQiNdko6+fRLevlw1HgMySw7f611UIY408EtxRSoK3Q==",
      "requires": {
        "js-tokens": "^3.0.0 || ^4.0.0"
      }
    },
    "object-assign": {
      "version": "4.1.1",
      "resolved": "https://registry.npmjs.org/object-assign/-/object-assign-4.1.1.tgz",
      "integrity": "sha1-IQmtx5ZYh8/AXLvUQsrIv7s2CGM="
    },
    "prop-types": {
      "version": "15.8.1",
      "resolved": "https://registry.npmjs.org/prop-types/-/prop-types-15.8.1.tgz",
      "integrity": "sha512-oj87CgZICdulUohogVAR7AjlC0327U4el4L6eAvOqCeudMDVU0NThNaV+b9Df4dXgSP1gXMTnPdhfe/2qDH5cg==",
      "requires": {
        "loose-envify": "^1.4.0",
        "object-assign": "^4.1.1",
        "react-is": "^16.13.1"
      }
    },
    "react-is": {
      "version": "16.13.1",
      "resolved": "https://registry.npmjs.org/react-is/-/react-is-16.13.1.tgz",
      "integrity": "sha512-24e6ynE2H+OKt4kqsOvNd8kBpV65zoxbA4BVsEOB3ARVWQki/DHzaUoC5KuON/BiccDaCCTZBuOcfZs70kR8bQ=="
    },
    "react-native-fs": {
      "version": "2.19.0",
      "resolved": "https://registry.npmjs.org/react-native-fs/-/react-native-fs-2.19.0.tgz",
      "integrity": "sha512-Yl09IbETkV5UJcBtVtBLttyTmiAhJIHpGA/LvredI5dYiw3MXMMVu42bzELiuH2Bwj7F+qd0fMNvgfBDiDxd2A==",
      "requires": {
        "base-64": "^0.1.0",
        "utf8": "^3.0.0"
      }
    },
    "react-native-maps": {
      "version": "0.31.0",
      "resolved": "https://registry.npmjs.org/react-native-maps/-/react-native-maps-0.31.0.tgz",
      "integrity": "sha512-bsR+5KLevzsZVQVjOes0W7hIJ7uarZrnC7Zl1rtZkUFvpNy8lSKIN4Wy9nPAHYiBPmSVh7DcTzYm7VypJdSAoQ==",
      "requires": {
        "@types/geojson": "^7946.0.7",
        "deprecated-react-native-prop-types": "^2.3.0"
      }
    },
    "utf8": {
      "version": "3.0.0",
      "resolved": "https://registry.npmjs.org/utf8/-/utf8-3.0.0.tgz",
      "integrity": "sha512-E8VjFIQ/TyQgp+TZfS6l8yp/xWppSAHzidGiRrqe4bK4XP9pTRyKFgGJpO3SN7zdX4DeomTrwaseCHovfpFcqQ=="
    }
  }
}
