{
  "name": "buddyboss-custom-code",
  "version": "1.0.0",
  "lockfileVersion": 1,
  "requires": true,
  "dependencies": {
    "@types/geojson": {
      "version": "7946.0.8",
      "resolved": "https://registry.npmjs.org/@types/geojson/-/geojson-7946.0.8.tgz",
      "integrity": "sha512-1rkryxURpr6aWP7R786/UQOkJ3PcpQiWkAXBmdWc7ryFWqN6a4xfK7BtjXvFBKO9LjQ+MWQSWxYeZX1OApnArA=="
    },
    "react-native-maps": {
      "version": "0.30.1",
      "resolved": "https://registry.npmjs.org/react-native-maps/-/react-native-maps-0.30.1.tgz",
      "integrity": "sha512-VDgGygFcXwKLFNmdGb5DVy3DJhjP3qCe3txzDfeO6kQyNELj875ZbZMTYW84XsLUBFNpAWXKffWvMKHMQKv2Gg==",
      "requires": {
        "@types/geojson": "^7946.0.7"
      }
    }
  }
}
